
Microsoft Visual Studio Solution File, Format Version 12.00
# Visual Studio 2013
Project("{FAE04EC0-301F-11D3-BF4B-00C04F79EFBC}") = "SpawnItemGroup.CSharp", "SpawnItemGroup.CSharp.csproj", "{CAA95F09-3BB5-DBBB-74A8-F65F2557FB21}"
EndProject
Project("{FAE04EC0-301F-11D3-BF4B-00C04F79EFBC}") = "SpawnItemGroup.CSharp.Editor", "SpawnItemGroup.CSharp.Editor.csproj", "{A2A842AC-F89C-0183-8C6E-C7BC89A9EF5F}"
EndProject
Global
	GlobalSection(SolutionConfigurationPlatforms) = preSolution
		Debug|Any CPU = Debug|Any CPU
		Release|Any CPU = Release|Any CPU
	EndGlobalSection
	GlobalSection(ProjectConfigurationPlatforms) = postSolution
		{CAA95F09-3BB5-DBBB-74A8-F65F2557FB21}.Debug|Any CPU.ActiveCfg = Debug|Any CPU
		{CAA95F09-3BB5-DBBB-74A8-F65F2557FB21}.Debug|Any CPU.Build.0 = Debug|Any CPU
		{CAA95F09-3BB5-DBBB-74A8-F65F2557FB21}.Release|Any CPU.ActiveCfg = Release|Any CPU
		{CAA95F09-3BB5-DBBB-74A8-F65F2557FB21}.Release|Any CPU.Build.0 = Release|Any CPU
		{A2A842AC-F89C-0183-8C6E-C7BC89A9EF5F}.Debug|Any CPU.ActiveCfg = Debug|Any CPU
		{A2A842AC-F89C-0183-8C6E-C7BC89A9EF5F}.Debug|Any CPU.Build.0 = Debug|Any CPU
		{A2A842AC-F89C-0183-8C6E-C7BC89A9EF5F}.Release|Any CPU.ActiveCfg = Release|Any CPU
		{A2A842AC-F89C-0183-8C6E-C7BC89A9EF5F}.Release|Any CPU.Build.0 = Release|Any CPU
	EndGlobalSection
	GlobalSection(SolutionProperties) = preSolution
		HideSolutionNode = FALSE
	EndGlobalSection
EndGlobal
